// !$*UTF8*$!
{
	archiveVersion = 1;
	classes = {
	};
	objectVersion = 46;
	objects = {

/* Begin PBXBuildFile section */
		198F2FD21BF635BE006F2EE4 /* AppDelegate.swift in Sources */ = {isa = PBXBuildFile; fileRef = 198F2FD11BF635BE006F2EE4 /* AppDelegate.swift */; };
		198F2FD41BF635BE006F2EE4 /* ViewController.swift in Sources */ = {isa = PBXBuildFile; fileRef = 198F2FD31BF635BE006F2EE4 /* ViewController.swift */; };
		198F2FD71BF635BE006F2EE4 /* Main.storyboard in Resources */ = {isa = PBXBuildFile; fileRef = 198F2FD51BF635BE006F2EE4 /* Main.storyboard */; };
		198F2FD91BF635BE006F2EE4 /* Assets.xcassets in Resources */ = {isa = PBXBuildFile; fileRef = 198F2FD81BF635BE006F2EE4 /* Assets.xcassets */; };
		198F2FDC1BF635BE006F2EE4 /* LaunchScreen.storyboard in Resources */ = {isa = PBXBuildFile; fileRef = 198F2FDA1BF635BE006F2EE4 /* LaunchScreen.storyboard */; };
/* End PBXBuildFile section */

/* Begin PBXFileReference section */
		198F2FCE1BF635BE006F2EE4 /* RootenTomatoes2.app */ = {isa = PBXFileReference; explicitFileType = wrapper.application; includeInIndex = 0; path = RootenTomatoes2.app; sourceTree = BUILT_PRODUCTS_DIR; };
		198F2FD11BF635BE006F2EE4 /* AppDelegate.swift */ = {isa = PBXFileReference; lastKnownFileType = sourcecode.swift; path = AppDelegate.swift; sourceTree = "<group>"; };
		198F2FD31BF635BE006F2EE4 /* ViewController.swift */ = {isa = PBXFileReference; lastKnownFileType = sourcecode.swift; path = ViewController.swift; sourceTree = "<group>"; };
		198F2FD61BF635BE006F2EE4 /* Base */ = {isa = PBXFileReference; lastKnownFileType = file.storyboard; name = Base; path = Base.lproj/Main.storyboard; sourceTree = "<group>"; };
		198F2FD81BF635BE006F2EE4 /* Assets.xcassets */ = {isa = PBXFileReference; lastKnownFileType = folder.assetcatalog; path = Assets.xcassets; sourceTree = "<group>"; };
		198F2FDB1BF635BE006F2EE4 /* Base */ = {isa = PBXFileReference; lastKnownFileType = file.storyboard; name = Base; path = Base.lproj/LaunchScreen.storyboard; sourceTree = "<group>"; };
		198F2FDD1BF635BE006F2EE4 /* Info.plist */ = {isa = PBXFileReference; lastKnownFileType = text.plist.xml; path = Info.plist; sourceTree = "<group>"; };
/* End PBXFileReference section */

/* Begin PBXFrameworksBuildPhase section */
		198F2FCB1BF635BE006F2EE4 /* Frameworks */ = {
			isa = PBXFrameworksBuildPhase;
			buildActionMask = 2147483647;
			files = (
			);
			runOnlyForDeploymentPostprocessing = 0;
		};
/* End PBXFrameworksBuildPhase section */

/* Begin PBXGroup section */
		198F2FC51BF635BE006F2EE4 = {
			isa = PBXGroup;
			children = (
				198F2FD01BF635BE006F2EE4 /* RootenTomatoes2 */,
				198F2FCF1BF635BE006F2EE4 /* Products */,
			);
			sourceTree = "<group>";
		};
		198F2FCF1BF635BE006F2EE4 /* Products */ = {
			isa = PBXGroup;
			children = (
				198F2FCE1BF635BE006F2EE4 /* RootenTomatoes2.app */,
			);
			name = Products;
			sourceTree = "<group>";
		};
		198F2FD01BF635BE006F2EE4 /* RootenTomatoes2 */ = {
			isa = PBXGroup;
			children = (
				198F2FD11BF635BE006F2EE4 /* AppDelegate.swift */,
				198F2FD31BF635BE006F2EE4 /* ViewController.swift */,
				198F2FD51BF635BE006F2EE4 /* Main.storyboard */,
				198F2FD81BF635BE006F2EE4 /* Assets.xcassets */,
				198F2FDA1BF635BE006F2EE4 /* LaunchScreen.storyboard */,
				198F2FDD1BF635BE006F2EE4 /* Info.plist */,
			);
			path = RootenTomatoes2;
			sourceTree = "<group>";
		};
/* End PBXGroup section */

/* Begin PBXNativeTarget section */
		198F2FCD1BF635BE006F2EE4 /* RootenTomatoes2 */ = {
			isa = PBXNativeTarget;
			buildConfigurationList = 198F2FE01BF635BE006F2EE4 /* Build configuration list for PBXNativeTarget "RootenTomatoes2" */;
			buildPhases = (
				198F2FCA1BF635BE006F2EE4 /* Sources */,
				198F2FCB1BF635BE006F2EE4 /* Frameworks */,
				198F2FCC1BF635BE006F2EE4 /* Resources */,
			);
			buildRules = (
			);
			dependencies = (
			);
			name = RootenTomatoes2;
			productName = RootenTomatoes2;
			productReference = 198F2FCE1BF635BE006F2EE4 /* RootenTomatoes2.app */;
			productType = "com.apple.product-type.application";
		};
/* End PBXNativeTarget section */

/* Begin PBXProject section */
		198F2FC61BF635BE006F2EE4 /* Project object */ = {
			isa = PBXProject;
			attributes = {
				LastSwiftUpdateCheck = 0720;
				LastUpgradeCheck = 0720;
				ORGANIZATIONNAME = ToanVo;
				TargetAttributes = {
					198F2FCD1BF635BE006F2EE4 = {
						CreatedOnToolsVersion = 7.2;
					};
				};
			};
			buildConfigurationList = 198F2FC91BF635BE006F2EE4 /* Build configuration list for PBXProject "RootenTomatoes2" */;
			compatibilityVersion = "Xcode 3.2";
			developmentRegion = English;
			hasScannedForEncodings = 0;
			knownRegions = (
				en,
				Base,
			);
			mainGroup = 198F2FC51BF635BE006F2EE4;
			productRefGroup = 198F2FCF1BF635BE006F2EE4 /* Products */;
			projectDirPath = "";
			projectRoot = "";
			targets = (
				198F2FCD1BF635BE006F2EE4 /* RootenTomatoes2 */,
			);
		};
/* End PBXProject section */

/* Begin PBXResourcesBuildPhase section */
		198F2FCC1BF635BE006F2EE4 /* Resources */ = {
			isa = PBXResourcesBuildPhase;
			buildActionMask = 2147483647;
			files = (
				198F2FDC1BF635BE006F2EE4 /* LaunchScreen.storyboard in Resources */,
				198F2FD91BF635BE006F2EE4 /* Assets.xcassets in Resources */,
				198F2FD71BF635BE006F2EE4 /* Main.storyboard in Resources */,
			);
			runOnlyForDeploymentPostprocessing = 0;
		};
/* End PBXResourcesBuildPhase section */

/* Begin PBXSourcesBuildPhase section */
		198F2FCA1BF635BE006F2EE4 /* Sources */ = {
			isa = PBXSourcesBuildPhase;
			buildActionMask = 2147483647;
			files = (
				198F2FD41BF635BE006F2EE4 /* ViewController.swift in Sources */,
				198F2FD21BF635BE006F2EE4 /* AppDelegate.swift in Sources */,
			);
			runOnlyForDeploymentPostprocessing = 0;
		};
/* End PBXSourcesBuildPhase section */

/* Begin PBXVariantGroup section */
		198F2FD51BF635BE006F2EE4 /* Main.storyboard */ = {
			isa = PBXVariantGroup;
			children = (
				198F2FD61BF635BE006F2EE4 /* Base */,
			);
			name = Main.storyboard;
			sourceTree = "<group>";
		};
		198F2FDA1BF635BE006F2EE4 /* LaunchScreen.storyboard */ = {
			isa = PBXVariantGroup;
			children = (
				198F2FDB1BF635BE006F2EE4 /* Base */,
			);
			name = LaunchScreen.storyboard;
			sourceTree = "<group>";
		};
/* End PBXVariantGroup section */

/* Begin XCBuildConfiguration section */
		198F2FDE1BF635BE006F2EE4 /* Debug */ = {
			isa = XCBuildConfiguration;
			buildSettings = {
				ALWAYS_SEARCH_USER_PATHS = NO;
				CLANG_CXX_LANGUAGE_STANDARD = "gnu++0x";
				CLANG_CXX_LIBRARY = "libc++";
				CLANG_ENABLE_MODULES = YES;
				CLANG_ENABLE_OBJC_ARC = YES;
				CLANG_WARN_BOOL_CONVERSION = YES;
				CLANG_WARN_CONSTANT_CONVERSION = YES;
				CLANG_WARN_DIRECT_OBJC_ISA_USAGE = YES_ERROR;
				CLANG_WARN_EMPTY_BODY = YES;
				CLANG_WARN_ENUM_CONVERSION = YES;
				CLANG_WARN_INT_CONVERSION = YES;
				CLANG_WARN_OBJC_ROOT_CLASS = YES_ERROR;
				CLANG_WARN_UNREACHABLE_CODE = YES;
				CLANG_WARN__DUPLICATE_METHOD_MATCH = YES;
				"CODE_SIGN_IDENTITY[sdk=iphoneos*]" = "iPhone Developer";
				COPY_PHASE_STRIP = NO;
				DEBUG_INFORMATION_FORMAT = dwarf;
				ENABLE_STRICT_OBJC_MSGSEND = YES;
				ENABLE_TESTABILITY = YES;
				GCC_C_LANGUAGE_STANDARD = gnu99;
				GCC_DYNAMIC_NO_PIC = NO;
				GCC_NO_COMMON_BLOCKS = YES;
				GCC_OPTIMIZATION_LEVEL = 0;
				GCC_PREPROCESSOR_DEFINITIONS = (
					"DEBUG=1",
					"$(inherited)",
				);
				GCC_WARN_64_TO_32_BIT_CONVERSION = YES;
				GCC_WARN_ABOUT_RETURN_TYPE = YES_ERROR;
				GCC_WARN_UNDECLARED_SELECTOR = YES;
				GCC_WARN_UNINITIALIZED_AUTOS = YES_AGGRESSIVE;
				GCC_WARN_UNUSED_FUNCTION = YES;
				GCC_WARN_UNUSED_VARIABLE = YES;
				IPHONEOS_DEPLOYMENT_TARGET = 9.2;
				MTL_ENABLE_DEBUG_INFO = YES;
				ONLY_ACTIVE_ARCH = YES;
				SDKROOT = iphoneos;
				SWIFT_OPTIMIZATION_LEVEL = "-Onone";
			};
			name = Debug;
		};
		198F2FDF1BF635BE006F2EE4 /* Release */ = {
			isa = XCBuildConfiguration;
			buildSettings = {
				ALWAYS_SEARCH_USER_PATHS = NO;
				CLANG_CXX_LANGUAGE_STANDARD = "gnu++0x";
				CLANG_CXX_LIBRARY = "libc++";
				CLANG_ENABLE_MODULES = YES;
				CLANG_ENABLE_OBJC_ARC = YES;
				CLANG_WARN_BOOL_CONVERSION = YES;
				CLANG_WARN_CONSTANT_CONVERSION = YES;
				CLANG_WARN_DIRECT_OBJC_ISA_USAGE = YES_ERROR;
				CLANG_WARN_EMPTY_BODY = YES;
				CLANG_WARN_ENUM_CONVERSION = YES;
				CLANG_WARN_INT_CONVERSION = YES;
				CLANG_WARN_OBJC_ROOT_CLASS = YES_ERROR;
				CLANG_WARN_UNREACHABLE_CODE = YES;
				CLANG_WARN__DUPLICATE_METHOD_MATCH = YES;
				"CODE_SIGN_IDENTITY[sdk=iphoneos*]" = "iPhone Developer";
				COPY_PHASE_STRIP = NO;
				DEBUG_INFORMATION_FORMAT = "dwarf-with-dsym";
				ENABLE_NS_ASSERTIONS = NO;
				ENABLE_STRICT_OBJC_MSGSEND = YES;
				GCC_C_LANGUAGE_STANDARD = gnu99;
				GCC_NO_COMMON_BLOCKS = YES;
				GCC_WARN_64_TO_32_BIT_CONVERSION = YES;
				GCC_WARN_ABOUT_RETURN_TYPE = YES_ERROR;
				GCC_WARN_UNDECLARED_SELECTOR = YES;
				GCC_WARN_UNINITIALIZED_AUTOS = YES_AGGRESSIVE;
				GCC_WARN_UNUSED_FUNCTION = YES;
				GCC_WARN_UNUSED_VARIABLE = YES;
				IPHONEOS_DEPLOYMENT_TARGET = 9.2;
				MTL_ENABLE_DEBUG_INFO = NO;
				SDKROOT = iphoneos;
				VALIDATE_PRODUCT = YES;
			};
			name = Release;
		};
		198F2FE11BF635BE006F2EE4 /* Debug */ = {
			isa = XCBuildConfiguration;
			buildSettings = {
				ASSETCATALOG_COMPILER_APPICON_NAME = AppIcon;
				INFOPLIST_FILE = RootenTomatoes2/Info.plist;
				LD_RUNPATH_SEARCH_PATHS = "$(inherited) @executable_path/Frameworks";
				PRODUCT_BUNDLE_IDENTIFIER = com.vct.RootenTomatoes2;
				PRODUCT_NAME = "$(TARGET_NAME)";
			};
			name = Debug;
		};
		198F2FE21BF635BE006F2EE4 /* Release */ = {
			isa = XCBuildConfiguration;
			buildSettings = {
				ASSETCATALOG_COMPILER_APPICON_NAME = AppIcon;
				INFOPLIST_FILE = RootenTomatoes2/Info.plist;
				LD_RUNPATH_SEARCH_PATHS = "$(inherited) @executable_path/Frameworks";
				PRODUCT_BUNDLE_IDENTIFIER = com.vct.RootenTomatoes2;
				PRODUCT_NAME = "$(TARGET_NAME)";
			};
			name = Release;
		};
/* End XCBuildConfiguration section */

/* Begin XCConfigurationList section */
		198F2FC91BF635BE006F2EE4 /* Build configuration list for PBXProject "RootenTomatoes2" */ = {
			isa = XCConfigurationList;
			buildConfigurations = (
				198F2FDE1BF635BE006F2EE4 /* Debug */,
				198F2FDF1BF635BE006F2EE4 /* Release */,
			);
			defaultConfigurationIsVisible = 0;
			defaultConfigurationName = Release;
		};
		198F2FE01BF635BE006F2EE4 /* Build configuration list for PBXNativeTarget "RootenTomatoes2" */ = {
			isa = XCConfigurationList;
			buildConfigurations = (
				198F2FE11BF635BE006F2EE4 /* Debug */,
				198F2FE21BF635BE006F2EE4 /* Release */,
			);
			defaultConfigurationIsVisible = 0;
		};
/* End XCConfigurationList section */
	};
	rootObject = 198F2FC61BF635BE006F2EE4 /* Project object */;
}
